
Microsoft Visual Studio Solution File, Format Version 12.00
# Visual Studio Express 15 for Windows Desktop
VisualStudioVersion = 15.0.28307.902
MinimumVisualStudioVersion = 10.0.40219.1
Project("{FAE04EC0-301F-11D3-BF4B-00C04F79EFBC}") = "Watcher", "Watcher\Watcher.csproj", "{82D5A783-3BBA-4912-BC21-78DDDEC5075F}"
EndProject
Project("{FAE04EC0-301F-11D3-BF4B-00C04F79EFBC}") = "Data", "Data\Data.csproj", "{B98F4376-AA77-439A-AB02-6B4D9AAE4084}"
EndProject
Project("{FAE04EC0-301F-11D3-BF4B-00C04F79EFBC}") = "Common", "Common\Common.csproj", "{AE93792F-0264-42A8-9B1F-595D393421D8}"
EndProject
Global
	GlobalSection(SolutionConfigurationPlatforms) = preSolution
		Debug|Any CPU = Debug|Any CPU
		Release|Any CPU = Release|Any CPU
	EndGlobalSection
	GlobalSection(ProjectConfigurationPlatforms) = postSolution
		{82D5A783-3BBA-4912-BC21-78DDDEC5075F}.Debug|Any CPU.ActiveCfg = Debug|Any CPU
		{82D5A783-3BBA-4912-BC21-78DDDEC5075F}.Debug|Any CPU.Build.0 = Debug|Any CPU
		{82D5A783-3BBA-4912-BC21-78DDDEC5075F}.Release|Any CPU.ActiveCfg = Release|Any CPU
		{82D5A783-3BBA-4912-BC21-78DDDEC5075F}.Release|Any CPU.Build.0 = Release|Any CPU
		{B98F4376-AA77-439A-AB02-6B4D9AAE4084}.Debug|Any CPU.ActiveCfg = Debug|Any CPU
		{B98F4376-AA77-439A-AB02-6B4D9AAE4084}.Debug|Any CPU.Build.0 = Debug|Any CPU
		{B98F4376-AA77-439A-AB02-6B4D9AAE4084}.Release|Any CPU.ActiveCfg = Release|Any CPU
		{B98F4376-AA77-439A-AB02-6B4D9AAE4084}.Release|Any CPU.Build.0 = Release|Any CPU
		{AE93792F-0264-42A8-9B1F-595D393421D8}.Debug|Any CPU.ActiveCfg = Debug|Any CPU
		{AE93792F-0264-42A8-9B1F-595D393421D8}.Debug|Any CPU.Build.0 = Debug|Any CPU
		{AE93792F-0264-42A8-9B1F-595D393421D8}.Release|Any CPU.ActiveCfg = Release|Any CPU
		{AE93792F-0264-42A8-9B1F-595D393421D8}.Release|Any CPU.Build.0 = Release|Any CPU
	EndGlobalSection
	GlobalSection(SolutionProperties) = preSolution
		HideSolutionNode = FALSE
	EndGlobalSection
	GlobalSection(ExtensibilityGlobals) = postSolution
		SolutionGuid = {6D9940D8-506E-479F-87E1-8EAF898FF7E3}
	EndGlobalSection
EndGlobal
